
Microsoft Visual Studio Solution File, Format Version 12.00
# Visual Studio Version 17
VisualStudioVersion = 17.11.35327.3
MinimumVisualStudioVersion = 10.0.40219.1
Project("{FAE04EC0-301F-11D3-BF4B-00C04F79EFBC}") = "Laundry_Notification.ShareLibary", "Laundry_Notification.ShareLibary\Laundry_Notification.ShareLibary.csproj", "{B6D30AEB-DDE6-4449-BD66-BA5026EDDCE6}"
EndProject
Global
	GlobalSection(SolutionConfigurationPlatforms) = preSolution
		Debug|Any CPU = Debug|Any CPU
		Release|Any CPU = Release|Any CPU
	EndGlobalSection
	GlobalSection(ProjectConfigurationPlatforms) = postSolution
		{B6D30AEB-DDE6-4449-BD66-BA5026EDDCE6}.Debug|Any CPU.ActiveCfg = Debug|Any CPU
		{B6D30AEB-DDE6-4449-BD66-BA5026EDDCE6}.Debug|Any CPU.Build.0 = Debug|Any CPU
		{B6D30AEB-DDE6-4449-BD66-BA5026EDDCE6}.Release|Any CPU.ActiveCfg = Release|Any CPU
		{B6D30AEB-DDE6-4449-BD66-BA5026EDDCE6}.Release|Any CPU.Build.0 = Release|Any CPU
	EndGlobalSection
	GlobalSection(SolutionProperties) = preSolution
		HideSolutionNode = FALSE
	EndGlobalSection
	GlobalSection(ExtensibilityGlobals) = postSolution
		SolutionGuid = {4DD8F99C-A6BB-445E-9622-42CDABCF17E0}
	EndGlobalSection
EndGlobal
